// !$*UTF8*$!
{
	archiveVersion = 1;
	classes = {
	};
	objectVersion = 46;
	objects = {

/* Begin PBXBuildFile section */
		0CE042CE8263EE4DD183061F /* Pods_ChangeBackgroundColor.framework in Frameworks */ = {isa = PBXBuildFile; fileRef = 789E78FF0547D7D756001A5C /* Pods_ChangeBackgroundColor.framework */; };
		3359BB5B1D0593F500F25E21 /* AppDelegate.swift in Sources */ = {isa = PBXBuildFile; fileRef = 3359BB5A1D0593F500F25E21 /* AppDelegate.swift */; };
		3359BB5D1D0593F500F25E21 /* ViewController.swift in Sources */ = {isa = PBXBuildFile; fileRef = 3359BB5C1D0593F500F25E21 /* ViewController.swift */; };
		3359BB601D0593F500F25E21 /* Main.storyboard in Resources */ = {isa = PBXBuildFile; fileRef = 3359BB5E1D0593F500F25E21 /* Main.storyboard */; };
		3359BB621D0593F500F25E21 /* Assets.xcassets in Resources */ = {isa = PBXBuildFile; fileRef = 3359BB611D0593F500F25E21 /* Assets.xcassets */; };
		3359BB651D0593F500F25E21 /* LaunchScreen.storyboard in Resources */ = {isa = PBXBuildFile; fileRef = 3359BB631D0593F500F25E21 /* LaunchScreen.storyboard */; };
		33C6B94A1D05999B006D0A19 /* MyAdorableABTest.swift in Sources */ = {isa = PBXBuildFile; fileRef = 33C6B9491D05999B006D0A19 /* MyAdorableABTest.swift */; };
/* End PBXBuildFile section */

/* Begin PBXFileReference section */
		3359BB571D0593F500F25E21 /* ChangeBackgroundColor.app */ = {isa = PBXFileReference; explicitFileType = wrapper.application; includeInIndex = 0; path = ChangeBackgroundColor.app; sourceTree = BUILT_PRODUCTS_DIR; };
		3359BB5A1D0593F500F25E21 /* AppDelegate.swift */ = {isa = PBXFileReference; lastKnownFileType = sourcecode.swift; path = AppDelegate.swift; sourceTree = "<group>"; };
		3359BB5C1D0593F500F25E21 /* ViewController.swift */ = {isa = PBXFileReference; lastKnownFileType = sourcecode.swift; path = ViewController.swift; sourceTree = "<group>"; };
		3359BB5F1D0593F500F25E21 /* Base */ = {isa = PBXFileReference; lastKnownFileType = file.storyboard; name = Base; path = Base.lproj/Main.storyboard; sourceTree = "<group>"; };
		3359BB611D0593F500F25E21 /* Assets.xcassets */ = {isa = PBXFileReference; lastKnownFileType = folder.assetcatalog; path = Assets.xcassets; sourceTree = "<group>"; };
		3359BB641D0593F500F25E21 /* Base */ = {isa = PBXFileReference; lastKnownFileType = file.storyboard; name = Base; path = Base.lproj/LaunchScreen.storyboard; sourceTree = "<group>"; };
		3359BB661D0593F500F25E21 /* Info.plist */ = {isa = PBXFileReference; lastKnownFileType = text.plist.xml; path = Info.plist; sourceTree = "<group>"; };
		33C6B9491D05999B006D0A19 /* MyAdorableABTest.swift */ = {isa = PBXFileReference; fileEncoding = 4; lastKnownFileType = sourcecode.swift; path = MyAdorableABTest.swift; sourceTree = "<group>"; };
		789E78FF0547D7D756001A5C /* Pods_ChangeBackgroundColor.framework */ = {isa = PBXFileReference; explicitFileType = wrapper.framework; includeInIndex = 0; path = Pods_ChangeBackgroundColor.framework; sourceTree = BUILT_PRODUCTS_DIR; };
		9DEC76D89F33AC11BF6B08F4 /* Pods-ChangeBackgroundColor.debug.xcconfig */ = {isa = PBXFileReference; includeInIndex = 1; lastKnownFileType = text.xcconfig; name = "Pods-ChangeBackgroundColor.debug.xcconfig"; path = "Pods/Target Support Files/Pods-ChangeBackgroundColor/Pods-ChangeBackgroundColor.debug.xcconfig"; sourceTree = "<group>"; };
		F5450A0949AC259939D85AFE /* Pods-ChangeBackgroundColor.release.xcconfig */ = {isa = PBXFileReference; includeInIndex = 1; lastKnownFileType = text.xcconfig; name = "Pods-ChangeBackgroundColor.release.xcconfig"; path = "Pods/Target Support Files/Pods-ChangeBackgroundColor/Pods-ChangeBackgroundColor.release.xcconfig"; sourceTree = "<group>"; };
/* End PBXFileReference section */

/* Begin PBXFrameworksBuildPhase section */
		3359BB541D0593F500F25E21 /* Frameworks */ = {
			isa = PBXFrameworksBuildPhase;
			buildActionMask = 2147483647;
			files = (
				0CE042CE8263EE4DD183061F /* Pods_ChangeBackgroundColor.framework in Frameworks */,
			);
			runOnlyForDeploymentPostprocessing = 0;
		};
/* End PBXFrameworksBuildPhase section */

/* Begin PBXGroup section */
		0383C0F3ECCA5CB4EC2FE806 /* Pods */ = {
			isa = PBXGroup;
			children = (
				9DEC76D89F33AC11BF6B08F4 /* Pods-ChangeBackgroundColor.debug.xcconfig */,
				F5450A0949AC259939D85AFE /* Pods-ChangeBackgroundColor.release.xcconfig */,
			);
			name = Pods;
			sourceTree = "<group>";
		};
		3359BB4E1D0593F500F25E21 = {
			isa = PBXGroup;
			children = (
				3359BB591D0593F500F25E21 /* ChangeBackgroundColor */,
				3359BB581D0593F500F25E21 /* Products */,
				0383C0F3ECCA5CB4EC2FE806 /* Pods */,
				E078BF4B99F1826B4F290549 /* Frameworks */,
			);
			sourceTree = "<group>";
		};
		3359BB581D0593F500F25E21 /* Products */ = {
			isa = PBXGroup;
			children = (
				3359BB571D0593F500F25E21 /* ChangeBackgroundColor.app */,
			);
			name = Products;
			sourceTree = "<group>";
		};
		3359BB591D0593F500F25E21 /* ChangeBackgroundColor */ = {
			isa = PBXGroup;
			children = (
				3359BB5A1D0593F500F25E21 /* AppDelegate.swift */,
				3359BB5C1D0593F500F25E21 /* ViewController.swift */,
				33C6B9491D05999B006D0A19 /* MyAdorableABTest.swift */,
				3359BB5E1D0593F500F25E21 /* Main.storyboard */,
				3359BB611D0593F500F25E21 /* Assets.xcassets */,
				3359BB631D0593F500F25E21 /* LaunchScreen.storyboard */,
				3359BB661D0593F500F25E21 /* Info.plist */,
			);
			path = ChangeBackgroundColor;
			sourceTree = "<group>";
		};
		E078BF4B99F1826B4F290549 /* Frameworks */ = {
			isa = PBXGroup;
			children = (
				789E78FF0547D7D756001A5C /* Pods_ChangeBackgroundColor.framework */,
			);
			name = Frameworks;
			sourceTree = "<group>";
		};
/* End PBXGroup section */

/* Begin PBXNativeTarget section */
		3359BB561D0593F500F25E21 /* ChangeBackgroundColor */ = {
			isa = PBXNativeTarget;
			buildConfigurationList = 3359BB691D0593F500F25E21 /* Build configuration list for PBXNativeTarget "ChangeBackgroundColor" */;
			buildPhases = (
				8E73A0DC5D8E524335BF31A2 /* Check Pods Manifest.lock */,
				3359BB531D0593F500F25E21 /* Sources */,
				3359BB541D0593F500F25E21 /* Frameworks */,
				3359BB551D0593F500F25E21 /* Resources */,
				FE2FA35FF9B422C8495BFE4A /* Embed Pods Frameworks */,
				65C79F096CC98D545C502863 /* Copy Pods Resources */,
			);
			buildRules = (
			);
			dependencies = (
			);
			name = ChangeBackgroundColor;
			productName = ChangeBackgroundColor;
			productReference = 3359BB571D0593F500F25E21 /* ChangeBackgroundColor.app */;
			productType = "com.apple.product-type.application";
		};
/* End PBXNativeTarget section */

/* Begin PBXProject section */
		3359BB4F1D0593F500F25E21 /* Project object */ = {
			isa = PBXProject;
			attributes = {
				LastSwiftUpdateCheck = 0730;
				LastUpgradeCheck = 0730;
				ORGANIZATIONNAME = eduardoeof;
				TargetAttributes = {
					3359BB561D0593F500F25E21 = {
						CreatedOnToolsVersion = 7.3.1;
					};
				};
			};
			buildConfigurationList = 3359BB521D0593F500F25E21 /* Build configuration list for PBXProject "ChangeBackgroundColor" */;
			compatibilityVersion = "Xcode 3.2";
			developmentRegion = English;
			hasScannedForEncodings = 0;
			knownRegions = (
				en,
				Base,
			);
			mainGroup = 3359BB4E1D0593F500F25E21;
			productRefGroup = 3359BB581D0593F500F25E21 /* Products */;
			projectDirPath = "";
			projectRoot = "";
			targets = (
				3359BB561D0593F500F25E21 /* ChangeBackgroundColor */,
			);
		};
/* End PBXProject section */

/* Begin PBXResourcesBuildPhase section */
		3359BB551D0593F500F25E21 /* Resources */ = {
			isa = PBXResourcesBuildPhase;
			buildActionMask = 2147483647;
			files = (
				3359BB651D0593F500F25E21 /* LaunchScreen.storyboard in Resources */,
				3359BB621D0593F500F25E21 /* Assets.xcassets in Resources */,
				3359BB601D0593F500F25E21 /* Main.storyboard in Resources */,
			);
			runOnlyForDeploymentPostprocessing = 0;
		};
/* End PBXResourcesBuildPhase section */

/* Begin PBXShellScriptBuildPhase section */
		65C79F096CC98D545C502863 /* Copy Pods Resources */ = {
			isa = PBXShellScriptBuildPhase;
			buildActionMask = 2147483647;
			files = (
			);
			inputPaths = (
			);
			name = "Copy Pods Resources";
			outputPaths = (
			);
			runOnlyForDeploymentPostprocessing = 0;
			shellPath = /bin/sh;
			shellScript = "\"${SRCROOT}/Pods/Target Support Files/Pods-ChangeBackgroundColor/Pods-ChangeBackgroundColor-resources.sh\"\n";
			showEnvVarsInLog = 0;
		};
		8E73A0DC5D8E524335BF31A2 /* Check Pods Manifest.lock */ = {
			isa = PBXShellScriptBuildPhase;
			buildActionMask = 2147483647;
			files = (
			);
			inputPaths = (
			);
			name = "Check Pods Manifest.lock";
			outputPaths = (
			);
			runOnlyForDeploymentPostprocessing = 0;
			shellPath = /bin/sh;
			shellScript = "diff \"${PODS_ROOT}/../Podfile.lock\" \"${PODS_ROOT}/Manifest.lock\" > /dev/null\nif [[ $? != 0 ]] ; then\n    cat << EOM\nerror: The sandbox is not in sync with the Podfile.lock. Run 'pod install' or update your CocoaPods installation.\nEOM\n    exit 1\nfi\n";
			showEnvVarsInLog = 0;
		};
		FE2FA35FF9B422C8495BFE4A /* Embed Pods Frameworks */ = {
			isa = PBXShellScriptBuildPhase;
			buildActionMask = 2147483647;
			files = (
			);
			inputPaths = (
			);
			name = "Embed Pods Frameworks";
			outputPaths = (
			);
			runOnlyForDeploymentPostprocessing = 0;
			shellPath = /bin/sh;
			shellScript = "\"${SRCROOT}/Pods/Target Support Files/Pods-ChangeBackgroundColor/Pods-ChangeBackgroundColor-frameworks.sh\"\n";
			showEnvVarsInLog = 0;
		};
/* End PBXShellScriptBuildPhase section */

/* Begin PBXSourcesBuildPhase section */
		3359BB531D0593F500F25E21 /* Sources */ = {
			isa = PBXSourcesBuildPhase;
			buildActionMask = 2147483647;
			files = (
				33C6B94A1D05999B006D0A19 /* MyAdorableABTest.swift in Sources */,
				3359BB5D1D0593F500F25E21 /* ViewController.swift in Sources */,
				3359BB5B1D0593F500F25E21 /* AppDelegate.swift in Sources */,
			);
			runOnlyForDeploymentPostprocessing = 0;
		};
/* End PBXSourcesBuildPhase section */

/* Begin PBXVariantGroup section */
		3359BB5E1D0593F500F25E21 /* Main.storyboard */ = {
			isa = PBXVariantGroup;
			children = (
				3359BB5F1D0593F500F25E21 /* Base */,
			);
			name = Main.storyboard;
			sourceTree = "<group>";
		};
		3359BB631D0593F500F25E21 /* LaunchScreen.storyboard */ = {
			isa = PBXVariantGroup;
			children = (
				3359BB641D0593F500F25E21 /* Base */,
			);
			name = LaunchScreen.storyboard;
			sourceTree = "<group>";
		};
/* End PBXVariantGroup section */

/* Begin XCBuildConfiguration section */
		3359BB671D0593F500F25E21 /* Debug */ = {
			isa = XCBuildConfiguration;
			buildSettings = {
				ALWAYS_SEARCH_USER_PATHS = NO;
				CLANG_ANALYZER_NONNULL = YES;
				CLANG_CXX_LANGUAGE_STANDARD = "gnu++0x";
				CLANG_CXX_LIBRARY = "libc++";
				CLANG_ENABLE_MODULES = YES;
				CLANG_ENABLE_OBJC_ARC = YES;
				CLANG_WARN_BOOL_CONVERSION = YES;
				CLANG_WARN_CONSTANT_CONVERSION = YES;
				CLANG_WARN_DIRECT_OBJC_ISA_USAGE = YES_ERROR;
				CLANG_WARN_EMPTY_BODY = YES;
				CLANG_WARN_ENUM_CONVERSION = YES;
				CLANG_WARN_INT_CONVERSION = YES;
				CLANG_WARN_OBJC_ROOT_CLASS = YES_ERROR;
				CLANG_WARN_UNREACHABLE_CODE = YES;
				CLANG_WARN__DUPLICATE_METHOD_MATCH = YES;
				"CODE_SIGN_IDENTITY[sdk=iphoneos*]" = "iPhone Developer";
				COPY_PHASE_STRIP = NO;
				DEBUG_INFORMATION_FORMAT = dwarf;
				ENABLE_STRICT_OBJC_MSGSEND = YES;
				ENABLE_TESTABILITY = YES;
				GCC_C_LANGUAGE_STANDARD = gnu99;
				GCC_DYNAMIC_NO_PIC = NO;
				GCC_NO_COMMON_BLOCKS = YES;
				GCC_OPTIMIZATION_LEVEL = 0;
				GCC_PREPROCESSOR_DEFINITIONS = (
					"DEBUG=1",
					"$(inherited)",
				);
				GCC_WARN_64_TO_32_BIT_CONVERSION = YES;
				GCC_WARN_ABOUT_RETURN_TYPE = YES_ERROR;
				GCC_WARN_UNDECLARED_SELECTOR = YES;
				GCC_WARN_UNINITIALIZED_AUTOS = YES_AGGRESSIVE;
				GCC_WARN_UNUSED_FUNCTION = YES;
				GCC_WARN_UNUSED_VARIABLE = YES;
				IPHONEOS_DEPLOYMENT_TARGET = 8.0;
				MTL_ENABLE_DEBUG_INFO = YES;
				ONLY_ACTIVE_ARCH = YES;
				SDKROOT = iphoneos;
				SWIFT_OPTIMIZATION_LEVEL = "-Onone";
			};
			name = Debug;
		};
		3359BB681D0593F500F25E21 /* Release */ = {
			isa = XCBuildConfiguration;
			buildSettings = {
				ALWAYS_SEARCH_USER_PATHS = NO;
				CLANG_ANALYZER_NONNULL = YES;
				CLANG_CXX_LANGUAGE_STANDARD = "gnu++0x";
				CLANG_CXX_LIBRARY = "libc++";
				CLANG_ENABLE_MODULES = YES;
				CLANG_ENABLE_OBJC_ARC = YES;
				CLANG_WARN_BOOL_CONVERSION = YES;
				CLANG_WARN_CONSTANT_CONVERSION = YES;
				CLANG_WARN_DIRECT_OBJC_ISA_USAGE = YES_ERROR;
				CLANG_WARN_EMPTY_BODY = YES;
				CLANG_WARN_ENUM_CONVERSION = YES;
				CLANG_WARN_INT_CONVERSION = YES;
				CLANG_WARN_OBJC_ROOT_CLASS = YES_ERROR;
				CLANG_WARN_UNREACHABLE_CODE = YES;
				CLANG_WARN__DUPLICATE_METHOD_MATCH = YES;
				"CODE_SIGN_IDENTITY[sdk=iphoneos*]" = "iPhone Developer";
				COPY_PHASE_STRIP = NO;
				DEBUG_INFORMATION_FORMAT = "dwarf-with-dsym";
				ENABLE_NS_ASSERTIONS = NO;
				ENABLE_STRICT_OBJC_MSGSEND = YES;
				GCC_C_LANGUAGE_STANDARD = gnu99;
				GCC_NO_COMMON_BLOCKS = YES;
				GCC_WARN_64_TO_32_BIT_CONVERSION = YES;
				GCC_WARN_ABOUT_RETURN_TYPE = YES_ERROR;
				GCC_WARN_UNDECLARED_SELECTOR = YES;
				GCC_WARN_UNINITIALIZED_AUTOS = YES_AGGRESSIVE;
				GCC_WARN_UNUSED_FUNCTION = YES;
				GCC_WARN_UNUSED_VARIABLE = YES;
				IPHONEOS_DEPLOYMENT_TARGET = 8.0;
				MTL_ENABLE_DEBUG_INFO = NO;
				SDKROOT = iphoneos;
				VALIDATE_PRODUCT = YES;
			};
			name = Release;
		};
		3359BB6A1D0593F500F25E21 /* Debug */ = {
			isa = XCBuildConfiguration;
			baseConfigurationReference = 9DEC76D89F33AC11BF6B08F4 /* Pods-ChangeBackgroundColor.debug.xcconfig */;
			buildSettings = {
				ASSETCATALOG_COMPILER_APPICON_NAME = AppIcon;
				INFOPLIST_FILE = ChangeBackgroundColor/Info.plist;
				IPHONEOS_DEPLOYMENT_TARGET = 8.0;
				LD_RUNPATH_SEARCH_PATHS = "$(inherited) @executable_path/Frameworks";
				PRODUCT_BUNDLE_IDENTIFIER = com.eduardoeof.ChangeBackgroundColor;
				PRODUCT_NAME = "$(TARGET_NAME)";
			};
			name = Debug;
		};
		3359BB6B1D0593F500F25E21 /* Release */ = {
			isa = XCBuildConfiguration;
			baseConfigurationReference = F5450A0949AC259939D85AFE /* Pods-ChangeBackgroundColor.release.xcconfig */;
			buildSettings = {
				ASSETCATALOG_COMPILER_APPICON_NAME = AppIcon;
				INFOPLIST_FILE = ChangeBackgroundColor/Info.plist;
				IPHONEOS_DEPLOYMENT_TARGET = 8.0;
				LD_RUNPATH_SEARCH_PATHS = "$(inherited) @executable_path/Frameworks";
				PRODUCT_BUNDLE_IDENTIFIER = com.eduardoeof.ChangeBackgroundColor;
				PRODUCT_NAME = "$(TARGET_NAME)";
			};
			name = Release;
		};
/* End XCBuildConfiguration section */

/* Begin XCConfigurationList section */
		3359BB521D0593F500F25E21 /* Build configuration list for PBXProject "ChangeBackgroundColor" */ = {
			isa = XCConfigurationList;
			buildConfigurations = (
				3359BB671D0593F500F25E21 /* Debug */,
				3359BB681D0593F500F25E21 /* Release */,
			);
			defaultConfigurationIsVisible = 0;
			defaultConfigurationName = Release;
		};
		3359BB691D0593F500F25E21 /* Build configuration list for PBXNativeTarget "ChangeBackgroundColor" */ = {
			isa = XCConfigurationList;
			buildConfigurations = (
				3359BB6A1D0593F500F25E21 /* Debug */,
				3359BB6B1D0593F500F25E21 /* Release */,
			);
			defaultConfigurationIsVisible = 0;
			defaultConfigurationName = Release;
		};
/* End XCConfigurationList section */
	};
	rootObject = 3359BB4F1D0593F500F25E21 /* Project object */;
}
